
Microsoft Visual Studio Solution File, Format Version 12.00
# Visual Studio Version 17
VisualStudioVersion = 17.1.32210.238
MinimumVisualStudioVersion = 10.0.40219.1
Project("{9A19103F-16F7-4668-BE54-9A1E7A4F7556}") = "P320.API", "P320.API\P320.API.csproj", "{AD17ECD0-FB26-4D7A-8BF5-286A8B3EDC2A}"
EndProject
Project("{9A19103F-16F7-4668-BE54-9A1E7A4F7556}") = "P320.DomainModels", "P320.DomainModels\P320.DomainModels.csproj", "{DF52733F-8264-4151-9CA0-19DC2CAAED73}"
EndProject
Project("{9A19103F-16F7-4668-BE54-9A1E7A4F7556}") = "P320.Repository", "P320.Repository\P320.Repository.csproj", "{E79BA96F-7772-4255-A8CF-18DF993700E6}"
EndProject
Project("{9A19103F-16F7-4668-BE54-9A1E7A4F7556}") = "P320.Services", "P320.Services\P320.Services.csproj", "{1B64D276-4855-43A6-A506-73E00AC9FEB4}"
EndProject
Project("{9A19103F-16F7-4668-BE54-9A1E7A4F7556}") = "ConsoleApp1", "ConsoleApp1\ConsoleApp1.csproj", "{130BE634-6A38-4FC8-9FFA-7FB6E0D0507F}"
EndProject
Project("{FAE04EC0-301F-11D3-BF4B-00C04F79EFBC}") = "P320.AuthenticationService", "AuthenticationService\P320.AuthenticationService.csproj", "{EDCA1A66-5E26-4C6C-8C50-27C7750D0ED0}"
EndProject
Project("{FAE04EC0-301F-11D3-BF4B-00C04F79EFBC}") = "P320.Infrastructure", "P320.Infrastructure\P320.Infrastructure.csproj", "{62F0BF55-0A57-4DBB-A009-E8E154B1DFBD}"
EndProject
Global
	GlobalSection(SolutionConfigurationPlatforms) = preSolution
		Debug|Any CPU = Debug|Any CPU
		Release|Any CPU = Release|Any CPU
	EndGlobalSection
	GlobalSection(ProjectConfigurationPlatforms) = postSolution
		{AD17ECD0-FB26-4D7A-8BF5-286A8B3EDC2A}.Debug|Any CPU.ActiveCfg = Debug|Any CPU
		{AD17ECD0-FB26-4D7A-8BF5-286A8B3EDC2A}.Debug|Any CPU.Build.0 = Debug|Any CPU
		{AD17ECD0-FB26-4D7A-8BF5-286A8B3EDC2A}.Release|Any CPU.ActiveCfg = Release|Any CPU
		{AD17ECD0-FB26-4D7A-8BF5-286A8B3EDC2A}.Release|Any CPU.Build.0 = Release|Any CPU
		{DF52733F-8264-4151-9CA0-19DC2CAAED73}.Debug|Any CPU.ActiveCfg = Debug|Any CPU
		{DF52733F-8264-4151-9CA0-19DC2CAAED73}.Debug|Any CPU.Build.0 = Debug|Any CPU
		{DF52733F-8264-4151-9CA0-19DC2CAAED73}.Release|Any CPU.ActiveCfg = Release|Any CPU
		{DF52733F-8264-4151-9CA0-19DC2CAAED73}.Release|Any CPU.Build.0 = Release|Any CPU
		{E79BA96F-7772-4255-A8CF-18DF993700E6}.Debug|Any CPU.ActiveCfg = Debug|Any CPU
		{E79BA96F-7772-4255-A8CF-18DF993700E6}.Debug|Any CPU.Build.0 = Debug|Any CPU
		{E79BA96F-7772-4255-A8CF-18DF993700E6}.Release|Any CPU.ActiveCfg = Release|Any CPU
		{E79BA96F-7772-4255-A8CF-18DF993700E6}.Release|Any CPU.Build.0 = Release|Any CPU
		{1B64D276-4855-43A6-A506-73E00AC9FEB4}.Debug|Any CPU.ActiveCfg = Debug|Any CPU
		{1B64D276-4855-43A6-A506-73E00AC9FEB4}.Debug|Any CPU.Build.0 = Debug|Any CPU
		{1B64D276-4855-43A6-A506-73E00AC9FEB4}.Release|Any CPU.ActiveCfg = Release|Any CPU
		{1B64D276-4855-43A6-A506-73E00AC9FEB4}.Release|Any CPU.Build.0 = Release|Any CPU
		{130BE634-6A38-4FC8-9FFA-7FB6E0D0507F}.Debug|Any CPU.ActiveCfg = Debug|Any CPU
		{130BE634-6A38-4FC8-9FFA-7FB6E0D0507F}.Debug|Any CPU.Build.0 = Debug|Any CPU
		{130BE634-6A38-4FC8-9FFA-7FB6E0D0507F}.Release|Any CPU.ActiveCfg = Release|Any CPU
		{130BE634-6A38-4FC8-9FFA-7FB6E0D0507F}.Release|Any CPU.Build.0 = Release|Any CPU
		{EDCA1A66-5E26-4C6C-8C50-27C7750D0ED0}.Debug|Any CPU.ActiveCfg = Debug|Any CPU
		{EDCA1A66-5E26-4C6C-8C50-27C7750D0ED0}.Debug|Any CPU.Build.0 = Debug|Any CPU
		{EDCA1A66-5E26-4C6C-8C50-27C7750D0ED0}.Release|Any CPU.ActiveCfg = Release|Any CPU
		{EDCA1A66-5E26-4C6C-8C50-27C7750D0ED0}.Release|Any CPU.Build.0 = Release|Any CPU
		{62F0BF55-0A57-4DBB-A009-E8E154B1DFBD}.Debug|Any CPU.ActiveCfg = Debug|Any CPU
		{62F0BF55-0A57-4DBB-A009-E8E154B1DFBD}.Debug|Any CPU.Build.0 = Debug|Any CPU
		{62F0BF55-0A57-4DBB-A009-E8E154B1DFBD}.Release|Any CPU.ActiveCfg = Release|Any CPU
		{62F0BF55-0A57-4DBB-A009-E8E154B1DFBD}.Release|Any CPU.Build.0 = Release|Any CPU
	EndGlobalSection
	GlobalSection(SolutionProperties) = preSolution
		HideSolutionNode = FALSE
	EndGlobalSection
	GlobalSection(ExtensibilityGlobals) = postSolution
		SolutionGuid = {4C34EB81-42A9-4E3F-9441-C63C43678535}
	EndGlobalSection
EndGlobal
